// !$*UTF8*$!
{
	archiveVersion = 1;
	classes = {
	};
	objectVersion = 50;
	objects = {

/* Begin PBXBuildFile section */
		E9169BCD265D066100684889 /* main.cpp in Sources */ = {isa = PBXBuildFile; fileRef = E9169BCC265D066100684889 /* main.cpp */; };
		E957E1022665561800DAC3ED /* helpFunction.cpp in Sources */ = {isa = PBXBuildFile; fileRef = E957E1002665561700DAC3ED /* helpFunction.cpp */; };
		E9A7215026BD69640015CD48 /* Scrabble.cpp in Sources */ = {isa = PBXBuildFile; fileRef = E9A7214E26BD69640015CD48 /* Scrabble.cpp */; };
		E9D07308265E839E0083ACF1 /* ScrabbleTree.cpp in Sources */ = {isa = PBXBuildFile; fileRef = E9D07305265E839E0083ACF1 /* ScrabbleTree.cpp */; };
/* End PBXBuildFile section */

/* Begin PBXCopyFilesBuildPhase section */
		E9169BC7265D066100684889 /* CopyFiles */ = {
			isa = PBXCopyFilesBuildPhase;
			buildActionMask = 2147483647;
			dstPath = /usr/share/man/man1/;
			dstSubfolderSpec = 0;
			files = (
			);
			runOnlyForDeploymentPostprocessing = 1;
		};
/* End PBXCopyFilesBuildPhase section */

/* Begin PBXFileReference section */
		E9169BC9265D066100684889 /* Zapocet_Scrabble */ = {isa = PBXFileReference; explicitFileType = "compiled.mach-o.executable"; includeInIndex = 0; path = Zapocet_Scrabble; sourceTree = BUILT_PRODUCTS_DIR; };
		E9169BCC265D066100684889 /* main.cpp */ = {isa = PBXFileReference; lastKnownFileType = sourcecode.cpp.cpp; path = main.cpp; sourceTree = "<group>"; };
		E957E1002665561700DAC3ED /* helpFunction.cpp */ = {isa = PBXFileReference; lastKnownFileType = sourcecode.cpp.cpp; path = helpFunction.cpp; sourceTree = "<group>"; };
		E9A7214D26BD69500015CD48 /* Scrabble.h */ = {isa = PBXFileReference; lastKnownFileType = sourcecode.c.h; path = Scrabble.h; sourceTree = "<group>"; };
		E9A7214E26BD69640015CD48 /* Scrabble.cpp */ = {isa = PBXFileReference; lastKnownFileType = sourcecode.cpp.cpp; path = Scrabble.cpp; sourceTree = "<group>"; };
		E9A7215426BD6EA30015CD48 /* helpFunctionDifinitions.h */ = {isa = PBXFileReference; lastKnownFileType = sourcecode.c.h; path = helpFunctionDifinitions.h; sourceTree = "<group>"; };
		E9D07303265E839E0083ACF1 /* ScrabbleTree.h */ = {isa = PBXFileReference; fileEncoding = 4; lastKnownFileType = sourcecode.c.h; path = ScrabbleTree.h; sourceTree = "<group>"; };
		E9D07305265E839E0083ACF1 /* ScrabbleTree.cpp */ = {isa = PBXFileReference; fileEncoding = 4; lastKnownFileType = sourcecode.cpp.cpp; path = ScrabbleTree.cpp; sourceTree = "<group>"; };
/* End PBXFileReference section */

/* Begin PBXFrameworksBuildPhase section */
		E9169BC6265D066100684889 /* Frameworks */ = {
			isa = PBXFrameworksBuildPhase;
			buildActionMask = 2147483647;
			files = (
			);
			runOnlyForDeploymentPostprocessing = 0;
		};
/* End PBXFrameworksBuildPhase section */

/* Begin PBXGroup section */
		E9169BC0265D066100684889 = {
			isa = PBXGroup;
			children = (
				E9169BCB265D066100684889 /* Zapocet_Scrabble */,
				E9169BCA265D066100684889 /* Products */,
			);
			sourceTree = "<group>";
		};
		E9169BCA265D066100684889 /* Products */ = {
			isa = PBXGroup;
			children = (
				E9169BC9265D066100684889 /* Zapocet_Scrabble */,
			);
			name = Products;
			sourceTree = "<group>";
		};
		E9169BCB265D066100684889 /* Zapocet_Scrabble */ = {
			isa = PBXGroup;
			children = (
				E9169BCC265D066100684889 /* main.cpp */,
				E957E1002665561700DAC3ED /* helpFunction.cpp */,
				E9A7215426BD6EA30015CD48 /* helpFunctionDifinitions.h */,
				E9D07305265E839E0083ACF1 /* ScrabbleTree.cpp */,
				E9D07303265E839E0083ACF1 /* ScrabbleTree.h */,
				E9A7214D26BD69500015CD48 /* Scrabble.h */,
				E9A7214E26BD69640015CD48 /* Scrabble.cpp */,
			);
			path = Zapocet_Scrabble;
			sourceTree = "<group>";
		};
/* End PBXGroup section */

/* Begin PBXNativeTarget section */
		E9169BC8265D066100684889 /* Zapocet_Scrabble */ = {
			isa = PBXNativeTarget;
			buildConfigurationList = E9169BD0265D066100684889 /* Build configuration list for PBXNativeTarget "Zapocet_Scrabble" */;
			buildPhases = (
				E9169BC5265D066100684889 /* Sources */,
				E9169BC6265D066100684889 /* Frameworks */,
				E9169BC7265D066100684889 /* CopyFiles */,
			);
			buildRules = (
			);
			dependencies = (
			);
			name = Zapocet_Scrabble;
			productName = Zapocet_Scrabble;
			productReference = E9169BC9265D066100684889 /* Zapocet_Scrabble */;
			productType = "com.apple.product-type.tool";
		};
/* End PBXNativeTarget section */

/* Begin PBXProject section */
		E9169BC1265D066100684889 /* Project object */ = {
			isa = PBXProject;
			attributes = {
				LastUpgradeCheck = 1240;
				TargetAttributes = {
					E9169BC8265D066100684889 = {
						CreatedOnToolsVersion = 12.4;
					};
				};
			};
			buildConfigurationList = E9169BC4265D066100684889 /* Build configuration list for PBXProject "Zapocet_Scrabble" */;
			compatibilityVersion = "Xcode 9.3";
			developmentRegion = en;
			hasScannedForEncodings = 0;
			knownRegions = (
				en,
				Base,
			);
			mainGroup = E9169BC0265D066100684889;
			productRefGroup = E9169BCA265D066100684889 /* Products */;
			projectDirPath = "";
			projectRoot = "";
			targets = (
				E9169BC8265D066100684889 /* Zapocet_Scrabble */,
			);
		};
/* End PBXProject section */

/* Begin PBXSourcesBuildPhase section */
		E9169BC5265D066100684889 /* Sources */ = {
			isa = PBXSourcesBuildPhase;
			buildActionMask = 2147483647;
			files = (
				E9169BCD265D066100684889 /* main.cpp in Sources */,
				E9A7215026BD69640015CD48 /* Scrabble.cpp in Sources */,
				E957E1022665561800DAC3ED /* helpFunction.cpp in Sources */,
				E9D07308265E839E0083ACF1 /* ScrabbleTree.cpp in Sources */,
			);
			runOnlyForDeploymentPostprocessing = 0;
		};
/* End PBXSourcesBuildPhase section */

/* Begin XCBuildConfiguration section */
		E9169BCE265D066100684889 /* Debug */ = {
			isa = XCBuildConfiguration;
			buildSettings = {
				ALWAYS_SEARCH_USER_PATHS = NO;
				CLANG_ANALYZER_NONNULL = YES;
				CLANG_ANALYZER_NUMBER_OBJECT_CONVERSION = YES_AGGRESSIVE;
				CLANG_CXX_LANGUAGE_STANDARD = "gnu++14";
				CLANG_CXX_LIBRARY = "libc++";
				CLANG_ENABLE_MODULES = YES;
				CLANG_ENABLE_OBJC_ARC = YES;
				CLANG_ENABLE_OBJC_WEAK = YES;
				CLANG_WARN_BLOCK_CAPTURE_AUTORELEASING = YES;
				CLANG_WARN_BOOL_CONVERSION = YES;
				CLANG_WARN_COMMA = YES;
				CLANG_WARN_CONSTANT_CONVERSION = YES;
				CLANG_WARN_DEPRECATED_OBJC_IMPLEMENTATIONS = YES;
				CLANG_WARN_DIRECT_OBJC_ISA_USAGE = YES_ERROR;
				CLANG_WARN_DOCUMENTATION_COMMENTS = YES;
				CLANG_WARN_EMPTY_BODY = YES;
				CLANG_WARN_ENUM_CONVERSION = YES;
				CLANG_WARN_INFINITE_RECURSION = YES;
				CLANG_WARN_INT_CONVERSION = YES;
				CLANG_WARN_NON_LITERAL_NULL_CONVERSION = YES;
				CLANG_WARN_OBJC_IMPLICIT_RETAIN_SELF = YES;
				CLANG_WARN_OBJC_LITERAL_CONVERSION = YES;
				CLANG_WARN_OBJC_ROOT_CLASS = YES_ERROR;
				CLANG_WARN_QUOTED_INCLUDE_IN_FRAMEWORK_HEADER = YES;
				CLANG_WARN_RANGE_LOOP_ANALYSIS = YES;
				CLANG_WARN_STRICT_PROTOTYPES = YES;
				CLANG_WARN_SUSPICIOUS_MOVE = YES;
				CLANG_WARN_UNGUARDED_AVAILABILITY = YES_AGGRESSIVE;
				CLANG_WARN_UNREACHABLE_CODE = YES;
				CLANG_WARN__DUPLICATE_METHOD_MATCH = YES;
				COPY_PHASE_STRIP = NO;
				DEBUG_INFORMATION_FORMAT = dwarf;
				ENABLE_STRICT_OBJC_MSGSEND = YES;
				ENABLE_TESTABILITY = YES;
				GCC_C_LANGUAGE_STANDARD = gnu11;
				GCC_DYNAMIC_NO_PIC = NO;
				GCC_NO_COMMON_BLOCKS = YES;
				GCC_OPTIMIZATION_LEVEL = 0;
				GCC_PREPROCESSOR_DEFINITIONS = (
					"DEBUG=1",
					"$(inherited)",
				);
				GCC_WARN_64_TO_32_BIT_CONVERSION = YES;
				GCC_WARN_ABOUT_RETURN_TYPE = YES_ERROR;
				GCC_WARN_UNDECLARED_SELECTOR = YES;
				GCC_WARN_UNINITIALIZED_AUTOS = YES_AGGRESSIVE;
				GCC_WARN_UNUSED_FUNCTION = YES;
				GCC_WARN_UNUSED_VARIABLE = YES;
				MACOSX_DEPLOYMENT_TARGET = 10.15;
				MTL_ENABLE_DEBUG_INFO = INCLUDE_SOURCE;
				MTL_FAST_MATH = YES;
				ONLY_ACTIVE_ARCH = YES;
				SDKROOT = macosx;
			};
			name = Debug;
		};
		E9169BCF265D066100684889 /* Release */ = {
			isa = XCBuildConfiguration;
			buildSettings = {
				ALWAYS_SEARCH_USER_PATHS = NO;
				CLANG_ANALYZER_NONNULL = YES;
				CLANG_ANALYZER_NUMBER_OBJECT_CONVERSION = YES_AGGRESSIVE;
				CLANG_CXX_LANGUAGE_STANDARD = "gnu++14";
				CLANG_CXX_LIBRARY = "libc++";
				CLANG_ENABLE_MODULES = YES;
				CLANG_ENABLE_OBJC_ARC = YES;
				CLANG_ENABLE_OBJC_WEAK = YES;
				CLANG_WARN_BLOCK_CAPTURE_AUTORELEASING = YES;
				CLANG_WARN_BOOL_CONVERSION = YES;
				CLANG_WARN_COMMA = YES;
				CLANG_WARN_CONSTANT_CONVERSION = YES;
				CLANG_WARN_DEPRECATED_OBJC_IMPLEMENTATIONS = YES;
				CLANG_WARN_DIRECT_OBJC_ISA_USAGE = YES_ERROR;
				CLANG_WARN_DOCUMENTATION_COMMENTS = YES;
				CLANG_WARN_EMPTY_BODY = YES;
				CLANG_WARN_ENUM_CONVERSION = YES;
				CLANG_WARN_INFINITE_RECURSION = YES;
				CLANG_WARN_INT_CONVERSION = YES;
				CLANG_WARN_NON_LITERAL_NULL_CONVERSION = YES;
				CLANG_WARN_OBJC_IMPLICIT_RETAIN_SELF = YES;
				CLANG_WARN_OBJC_LITERAL_CONVERSION = YES;
				CLANG_WARN_OBJC_ROOT_CLASS = YES_ERROR;
				CLANG_WARN_QUOTED_INCLUDE_IN_FRAMEWORK_HEADER = YES;
				CLANG_WARN_RANGE_LOOP_ANALYSIS = YES;
				CLANG_WARN_STRICT_PROTOTYPES = YES;
				CLANG_WARN_SUSPICIOUS_MOVE = YES;
				CLANG_WARN_UNGUARDED_AVAILABILITY = YES_AGGRESSIVE;
				CLANG_WARN_UNREACHABLE_CODE = YES;
				CLANG_WARN__DUPLICATE_METHOD_MATCH = YES;
				COPY_PHASE_STRIP = NO;
				DEBUG_INFORMATION_FORMAT = "dwarf-with-dsym";
				ENABLE_NS_ASSERTIONS = NO;
				ENABLE_STRICT_OBJC_MSGSEND = YES;
				GCC_C_LANGUAGE_STANDARD = gnu11;
				GCC_NO_COMMON_BLOCKS = YES;
				GCC_WARN_64_TO_32_BIT_CONVERSION = YES;
				GCC_WARN_ABOUT_RETURN_TYPE = YES_ERROR;
				GCC_WARN_UNDECLARED_SELECTOR = YES;
				GCC_WARN_UNINITIALIZED_AUTOS = YES_AGGRESSIVE;
				GCC_WARN_UNUSED_FUNCTION = YES;
				GCC_WARN_UNUSED_VARIABLE = YES;
				MACOSX_DEPLOYMENT_TARGET = 10.15;
				MTL_ENABLE_DEBUG_INFO = NO;
				MTL_FAST_MATH = YES;
				SDKROOT = macosx;
			};
			name = Release;
		};
		E9169BD1265D066100684889 /* Debug */ = {
			isa = XCBuildConfiguration;
			buildSettings = {
				CODE_SIGN_STYLE = Automatic;
				PRODUCT_NAME = "$(TARGET_NAME)";
			};
			name = Debug;
		};
		E9169BD2265D066100684889 /* Release */ = {
			isa = XCBuildConfiguration;
			buildSettings = {
				CODE_SIGN_STYLE = Automatic;
				PRODUCT_NAME = "$(TARGET_NAME)";
			};
			name = Release;
		};
/* End XCBuildConfiguration section */

/* Begin XCConfigurationList section */
		E9169BC4265D066100684889 /* Build configuration list for PBXProject "Zapocet_Scrabble" */ = {
			isa = XCConfigurationList;
			buildConfigurations = (
				E9169BCE265D066100684889 /* Debug */,
				E9169BCF265D066100684889 /* Release */,
			);
			defaultConfigurationIsVisible = 0;
			defaultConfigurationName = Release;
		};
		E9169BD0265D066100684889 /* Build configuration list for PBXNativeTarget "Zapocet_Scrabble" */ = {
			isa = XCConfigurationList;
			buildConfigurations = (
				E9169BD1265D066100684889 /* Debug */,
				E9169BD2265D066100684889 /* Release */,
			);
			defaultConfigurationIsVisible = 0;
			defaultConfigurationName = Release;
		};
/* End XCConfigurationList section */
	};
	rootObject = E9169BC1265D066100684889 /* Project object */;
}
